
Microsoft Visual Studio Solution File, Format Version 12.00
# Visual Studio Version 16
VisualStudioVersion = 16.0.29123.88
MinimumVisualStudioVersion = 15.0.26124.0
Project("{6EC3EE1D-3C4E-46DD-8F32-0CC8E7565705}") = "Est.Domain", "Est.Domain\Est.Domain.fsproj", "{8760886A-A2BB-48CF-8741-4ABE27620BC9}"
EndProject
Project("{2150E333-8FDC-42A3-9474-1A3956D46DE8}") = "Core", "Core", "{C6F4D12B-F28C-44D4-B81F-8990F8CEB52A}"
EndProject
Project("{2150E333-8FDC-42A3-9474-1A3956D46DE8}") = "Infrastructure", "Infrastructure", "{4F2B28BC-688F-4ED5-9EA3-B0DBAC8D7F4E}"
EndProject
Project("{2150E333-8FDC-42A3-9474-1A3956D46DE8}") = "Presentation", "Presentation", "{6C15009D-4C49-4B27-B748-78FFE0F37468}"
EndProject
Project("{2150E333-8FDC-42A3-9474-1A3956D46DE8}") = "Tests", "Tests", "{A8A16996-C8DD-4D84-BA83-0666A3178914}"
EndProject
Project("{2150E333-8FDC-42A3-9474-1A3956D46DE8}") = "Common", "Common", "{CBC9D81C-1915-4652-AB39-D12FB15454A6}"
EndProject
Project("{9A19103F-16F7-4668-BE54-9A1E7A4F7556}") = "Est.Persistence.Cosmos", "Est.Persistence.Cosmos\Est.Persistence.Cosmos.csproj", "{9EF8978B-77DB-4194-9182-6F5A4EBDA4A5}"
EndProject
Project("{2150E333-8FDC-42A3-9474-1A3956D46DE8}") = "Src", "Src", "{2ECD7D12-E4B5-4AB7-BF41-1238C84DFA99}"
EndProject
Project("{2150E333-8FDC-42A3-9474-1A3956D46DE8}") = "Solution Items", "Solution Items", "{362CA6C0-B8BB-4142-89E2-3A849FEE70F1}"
	ProjectSection(SolutionItems) = preProject
		README.md = README.md
	EndProjectSection
EndProject
Project("{9A19103F-16F7-4668-BE54-9A1E7A4F7556}") = "Est.Specs", "Est.Specs\Est.Specs.csproj", "{3E40D86E-D9E9-4EDB-BB1B-FA66351B3FC9}"
EndProject
Project("{FAE04EC0-301F-11D3-BF4B-00C04F79EFBC}") = "Est.WebUI.Server", "Est.WebUI\Server\Est.WebUI.Server.csproj", "{51213D06-4FD5-41EE-932D-59C7A3E99EEC}"
EndProject
Project("{FAE04EC0-301F-11D3-BF4B-00C04F79EFBC}") = "Est.WebUI.Client", "Est.WebUI\Client\Est.WebUI.Client.csproj", "{CB462D9D-492F-4B58-BADC-B65D1088E681}"
EndProject
Project("{FAE04EC0-301F-11D3-BF4B-00C04F79EFBC}") = "Est.WebUI.Shared", "Est.WebUI\Shared\Est.WebUI.Shared.csproj", "{D736EE03-2F13-43C9-9C7D-0DFD4AE5624E}"
EndProject
Project("{FAE04EC0-301F-11D3-BF4B-00C04F79EFBC}") = "Est.Application", "Est.Application\Est.Application.csproj", "{E6796D87-A479-4C46-AEBC-40E03239D3BF}"
EndProject
Global
	GlobalSection(SolutionConfigurationPlatforms) = preSolution
		Debug|Any CPU = Debug|Any CPU
		Debug|x64 = Debug|x64
		Debug|x86 = Debug|x86
		Release|Any CPU = Release|Any CPU
		Release|x64 = Release|x64
		Release|x86 = Release|x86
	EndGlobalSection
	GlobalSection(ProjectConfigurationPlatforms) = postSolution
		{8760886A-A2BB-48CF-8741-4ABE27620BC9}.Debug|Any CPU.ActiveCfg = Debug|Any CPU
		{8760886A-A2BB-48CF-8741-4ABE27620BC9}.Debug|Any CPU.Build.0 = Debug|Any CPU
		{8760886A-A2BB-48CF-8741-4ABE27620BC9}.Debug|x64.ActiveCfg = Debug|Any CPU
		{8760886A-A2BB-48CF-8741-4ABE27620BC9}.Debug|x64.Build.0 = Debug|Any CPU
		{8760886A-A2BB-48CF-8741-4ABE27620BC9}.Debug|x86.ActiveCfg = Debug|Any CPU
		{8760886A-A2BB-48CF-8741-4ABE27620BC9}.Debug|x86.Build.0 = Debug|Any CPU
		{8760886A-A2BB-48CF-8741-4ABE27620BC9}.Release|Any CPU.ActiveCfg = Release|Any CPU
		{8760886A-A2BB-48CF-8741-4ABE27620BC9}.Release|Any CPU.Build.0 = Release|Any CPU
		{8760886A-A2BB-48CF-8741-4ABE27620BC9}.Release|x64.ActiveCfg = Release|Any CPU
		{8760886A-A2BB-48CF-8741-4ABE27620BC9}.Release|x64.Build.0 = Release|Any CPU
		{8760886A-A2BB-48CF-8741-4ABE27620BC9}.Release|x86.ActiveCfg = Release|Any CPU
		{8760886A-A2BB-48CF-8741-4ABE27620BC9}.Release|x86.Build.0 = Release|Any CPU
		{9EF8978B-77DB-4194-9182-6F5A4EBDA4A5}.Debug|Any CPU.ActiveCfg = Debug|Any CPU
		{9EF8978B-77DB-4194-9182-6F5A4EBDA4A5}.Debug|Any CPU.Build.0 = Debug|Any CPU
		{9EF8978B-77DB-4194-9182-6F5A4EBDA4A5}.Debug|x64.ActiveCfg = Debug|Any CPU
		{9EF8978B-77DB-4194-9182-6F5A4EBDA4A5}.Debug|x64.Build.0 = Debug|Any CPU
		{9EF8978B-77DB-4194-9182-6F5A4EBDA4A5}.Debug|x86.ActiveCfg = Debug|Any CPU
		{9EF8978B-77DB-4194-9182-6F5A4EBDA4A5}.Debug|x86.Build.0 = Debug|Any CPU
		{9EF8978B-77DB-4194-9182-6F5A4EBDA4A5}.Release|Any CPU.ActiveCfg = Release|Any CPU
		{9EF8978B-77DB-4194-9182-6F5A4EBDA4A5}.Release|Any CPU.Build.0 = Release|Any CPU
		{9EF8978B-77DB-4194-9182-6F5A4EBDA4A5}.Release|x64.ActiveCfg = Release|Any CPU
		{9EF8978B-77DB-4194-9182-6F5A4EBDA4A5}.Release|x64.Build.0 = Release|Any CPU
		{9EF8978B-77DB-4194-9182-6F5A4EBDA4A5}.Release|x86.ActiveCfg = Release|Any CPU
		{9EF8978B-77DB-4194-9182-6F5A4EBDA4A5}.Release|x86.Build.0 = Release|Any CPU
		{3E40D86E-D9E9-4EDB-BB1B-FA66351B3FC9}.Debug|Any CPU.ActiveCfg = Debug|Any CPU
		{3E40D86E-D9E9-4EDB-BB1B-FA66351B3FC9}.Debug|Any CPU.Build.0 = Debug|Any CPU
		{3E40D86E-D9E9-4EDB-BB1B-FA66351B3FC9}.Debug|x64.ActiveCfg = Debug|Any CPU
		{3E40D86E-D9E9-4EDB-BB1B-FA66351B3FC9}.Debug|x64.Build.0 = Debug|Any CPU
		{3E40D86E-D9E9-4EDB-BB1B-FA66351B3FC9}.Debug|x86.ActiveCfg = Debug|Any CPU
		{3E40D86E-D9E9-4EDB-BB1B-FA66351B3FC9}.Debug|x86.Build.0 = Debug|Any CPU
		{3E40D86E-D9E9-4EDB-BB1B-FA66351B3FC9}.Release|Any CPU.ActiveCfg = Release|Any CPU
		{3E40D86E-D9E9-4EDB-BB1B-FA66351B3FC9}.Release|Any CPU.Build.0 = Release|Any CPU
		{3E40D86E-D9E9-4EDB-BB1B-FA66351B3FC9}.Release|x64.ActiveCfg = Release|Any CPU
		{3E40D86E-D9E9-4EDB-BB1B-FA66351B3FC9}.Release|x64.Build.0 = Release|Any CPU
		{3E40D86E-D9E9-4EDB-BB1B-FA66351B3FC9}.Release|x86.ActiveCfg = Release|Any CPU
		{3E40D86E-D9E9-4EDB-BB1B-FA66351B3FC9}.Release|x86.Build.0 = Release|Any CPU
		{51213D06-4FD5-41EE-932D-59C7A3E99EEC}.Debug|Any CPU.ActiveCfg = Debug|Any CPU
		{51213D06-4FD5-41EE-932D-59C7A3E99EEC}.Debug|Any CPU.Build.0 = Debug|Any CPU
		{51213D06-4FD5-41EE-932D-59C7A3E99EEC}.Debug|x64.ActiveCfg = Debug|Any CPU
		{51213D06-4FD5-41EE-932D-59C7A3E99EEC}.Debug|x64.Build.0 = Debug|Any CPU
		{51213D06-4FD5-41EE-932D-59C7A3E99EEC}.Debug|x86.ActiveCfg = Debug|Any CPU
		{51213D06-4FD5-41EE-932D-59C7A3E99EEC}.Debug|x86.Build.0 = Debug|Any CPU
		{51213D06-4FD5-41EE-932D-59C7A3E99EEC}.Release|Any CPU.ActiveCfg = Release|Any CPU
		{51213D06-4FD5-41EE-932D-59C7A3E99EEC}.Release|Any CPU.Build.0 = Release|Any CPU
		{51213D06-4FD5-41EE-932D-59C7A3E99EEC}.Release|x64.ActiveCfg = Release|Any CPU
		{51213D06-4FD5-41EE-932D-59C7A3E99EEC}.Release|x64.Build.0 = Release|Any CPU
		{51213D06-4FD5-41EE-932D-59C7A3E99EEC}.Release|x86.ActiveCfg = Release|Any CPU
		{51213D06-4FD5-41EE-932D-59C7A3E99EEC}.Release|x86.Build.0 = Release|Any CPU
		{CB462D9D-492F-4B58-BADC-B65D1088E681}.Debug|Any CPU.ActiveCfg = Debug|Any CPU
		{CB462D9D-492F-4B58-BADC-B65D1088E681}.Debug|Any CPU.Build.0 = Debug|Any CPU
		{CB462D9D-492F-4B58-BADC-B65D1088E681}.Debug|x64.ActiveCfg = Debug|Any CPU
		{CB462D9D-492F-4B58-BADC-B65D1088E681}.Debug|x64.Build.0 = Debug|Any CPU
		{CB462D9D-492F-4B58-BADC-B65D1088E681}.Debug|x86.ActiveCfg = Debug|Any CPU
		{CB462D9D-492F-4B58-BADC-B65D1088E681}.Debug|x86.Build.0 = Debug|Any CPU
		{CB462D9D-492F-4B58-BADC-B65D1088E681}.Release|Any CPU.ActiveCfg = Release|Any CPU
		{CB462D9D-492F-4B58-BADC-B65D1088E681}.Release|Any CPU.Build.0 = Release|Any CPU
		{CB462D9D-492F-4B58-BADC-B65D1088E681}.Release|x64.ActiveCfg = Release|Any CPU
		{CB462D9D-492F-4B58-BADC-B65D1088E681}.Release|x64.Build.0 = Release|Any CPU
		{CB462D9D-492F-4B58-BADC-B65D1088E681}.Release|x86.ActiveCfg = Release|Any CPU
		{CB462D9D-492F-4B58-BADC-B65D1088E681}.Release|x86.Build.0 = Release|Any CPU
		{D736EE03-2F13-43C9-9C7D-0DFD4AE5624E}.Debug|Any CPU.ActiveCfg = Debug|Any CPU
		{D736EE03-2F13-43C9-9C7D-0DFD4AE5624E}.Debug|Any CPU.Build.0 = Debug|Any CPU
		{D736EE03-2F13-43C9-9C7D-0DFD4AE5624E}.Debug|x64.ActiveCfg = Debug|Any CPU
		{D736EE03-2F13-43C9-9C7D-0DFD4AE5624E}.Debug|x64.Build.0 = Debug|Any CPU
		{D736EE03-2F13-43C9-9C7D-0DFD4AE5624E}.Debug|x86.ActiveCfg = Debug|Any CPU
		{D736EE03-2F13-43C9-9C7D-0DFD4AE5624E}.Debug|x86.Build.0 = Debug|Any CPU
		{D736EE03-2F13-43C9-9C7D-0DFD4AE5624E}.Release|Any CPU.ActiveCfg = Release|Any CPU
		{D736EE03-2F13-43C9-9C7D-0DFD4AE5624E}.Release|Any CPU.Build.0 = Release|Any CPU
		{D736EE03-2F13-43C9-9C7D-0DFD4AE5624E}.Release|x64.ActiveCfg = Release|Any CPU
		{D736EE03-2F13-43C9-9C7D-0DFD4AE5624E}.Release|x64.Build.0 = Release|Any CPU
		{D736EE03-2F13-43C9-9C7D-0DFD4AE5624E}.Release|x86.ActiveCfg = Release|Any CPU
		{D736EE03-2F13-43C9-9C7D-0DFD4AE5624E}.Release|x86.Build.0 = Release|Any CPU
		{E6796D87-A479-4C46-AEBC-40E03239D3BF}.Debug|Any CPU.ActiveCfg = Debug|Any CPU
		{E6796D87-A479-4C46-AEBC-40E03239D3BF}.Debug|Any CPU.Build.0 = Debug|Any CPU
		{E6796D87-A479-4C46-AEBC-40E03239D3BF}.Debug|x64.ActiveCfg = Debug|Any CPU
		{E6796D87-A479-4C46-AEBC-40E03239D3BF}.Debug|x64.Build.0 = Debug|Any CPU
		{E6796D87-A479-4C46-AEBC-40E03239D3BF}.Debug|x86.ActiveCfg = Debug|Any CPU
		{E6796D87-A479-4C46-AEBC-40E03239D3BF}.Debug|x86.Build.0 = Debug|Any CPU
		{E6796D87-A479-4C46-AEBC-40E03239D3BF}.Release|Any CPU.ActiveCfg = Release|Any CPU
		{E6796D87-A479-4C46-AEBC-40E03239D3BF}.Release|Any CPU.Build.0 = Release|Any CPU
		{E6796D87-A479-4C46-AEBC-40E03239D3BF}.Release|x64.ActiveCfg = Release|Any CPU
		{E6796D87-A479-4C46-AEBC-40E03239D3BF}.Release|x64.Build.0 = Release|Any CPU
		{E6796D87-A479-4C46-AEBC-40E03239D3BF}.Release|x86.ActiveCfg = Release|Any CPU
		{E6796D87-A479-4C46-AEBC-40E03239D3BF}.Release|x86.Build.0 = Release|Any CPU
	EndGlobalSection
	GlobalSection(SolutionProperties) = preSolution
		HideSolutionNode = FALSE
	EndGlobalSection
	GlobalSection(NestedProjects) = preSolution
		{8760886A-A2BB-48CF-8741-4ABE27620BC9} = {C6F4D12B-F28C-44D4-B81F-8990F8CEB52A}
		{C6F4D12B-F28C-44D4-B81F-8990F8CEB52A} = {2ECD7D12-E4B5-4AB7-BF41-1238C84DFA99}
		{4F2B28BC-688F-4ED5-9EA3-B0DBAC8D7F4E} = {2ECD7D12-E4B5-4AB7-BF41-1238C84DFA99}
		{6C15009D-4C49-4B27-B748-78FFE0F37468} = {2ECD7D12-E4B5-4AB7-BF41-1238C84DFA99}
		{CBC9D81C-1915-4652-AB39-D12FB15454A6} = {2ECD7D12-E4B5-4AB7-BF41-1238C84DFA99}
		{9EF8978B-77DB-4194-9182-6F5A4EBDA4A5} = {4F2B28BC-688F-4ED5-9EA3-B0DBAC8D7F4E}
		{3E40D86E-D9E9-4EDB-BB1B-FA66351B3FC9} = {A8A16996-C8DD-4D84-BA83-0666A3178914}
		{51213D06-4FD5-41EE-932D-59C7A3E99EEC} = {6C15009D-4C49-4B27-B748-78FFE0F37468}
		{CB462D9D-492F-4B58-BADC-B65D1088E681} = {6C15009D-4C49-4B27-B748-78FFE0F37468}
		{D736EE03-2F13-43C9-9C7D-0DFD4AE5624E} = {6C15009D-4C49-4B27-B748-78FFE0F37468}
		{E6796D87-A479-4C46-AEBC-40E03239D3BF} = {C6F4D12B-F28C-44D4-B81F-8990F8CEB52A}
	EndGlobalSection
	GlobalSection(ExtensibilityGlobals) = postSolution
		SolutionGuid = {3685B36D-A298-4674-9CF9-C8F34625CC92}
	EndGlobalSection
EndGlobal
